
Microsoft Visual Studio Solution File, Format Version 12.00
# Visual Studio Version 17
VisualStudioVersion = 17.8.34525.116
MinimumVisualStudioVersion = 10.0.40219.1
Project("{FAE04EC0-301F-11D3-BF4B-00C04F79EFBC}") = "EjemploUDP", "EjemploUDP.csproj", "{7A5CB995-8C1F-4FEA-B64D-1BBED8B46140}"
EndProject
Project("{FAE04EC0-301F-11D3-BF4B-00C04F79EFBC}") = "EjemploUDPServidor", "..\EjemploUDPServidor\EjemploUDPServidor.csproj", "{A4229A35-DEA9-4F5B-BE63-B96CC1737CC4}"
EndProject
Global
	GlobalSection(SolutionConfigurationPlatforms) = preSolution
		Debug|Any CPU = Debug|Any CPU
		Release|Any CPU = Release|Any CPU
	EndGlobalSection
	GlobalSection(ProjectConfigurationPlatforms) = postSolution
		{7A5CB995-8C1F-4FEA-B64D-1BBED8B46140}.Debug|Any CPU.ActiveCfg = Debug|Any CPU
		{7A5CB995-8C1F-4FEA-B64D-1BBED8B46140}.Debug|Any CPU.Build.0 = Debug|Any CPU
		{7A5CB995-8C1F-4FEA-B64D-1BBED8B46140}.Release|Any CPU.ActiveCfg = Release|Any CPU
		{7A5CB995-8C1F-4FEA-B64D-1BBED8B46140}.Release|Any CPU.Build.0 = Release|Any CPU
		{A4229A35-DEA9-4F5B-BE63-B96CC1737CC4}.Debug|Any CPU.ActiveCfg = Debug|Any CPU
		{A4229A35-DEA9-4F5B-BE63-B96CC1737CC4}.Debug|Any CPU.Build.0 = Debug|Any CPU
		{A4229A35-DEA9-4F5B-BE63-B96CC1737CC4}.Release|Any CPU.ActiveCfg = Release|Any CPU
		{A4229A35-DEA9-4F5B-BE63-B96CC1737CC4}.Release|Any CPU.Build.0 = Release|Any CPU
	EndGlobalSection
	GlobalSection(SolutionProperties) = preSolution
		HideSolutionNode = FALSE
	EndGlobalSection
	GlobalSection(ExtensibilityGlobals) = postSolution
		SolutionGuid = {24A58089-F71A-488B-94D8-08BE186EFF61}
	EndGlobalSection
EndGlobal
