
Microsoft Visual Studio Solution File, Format Version 12.00
# Visual Studio Version 17
VisualStudioVersion = 17.8.34525.116
MinimumVisualStudioVersion = 10.0.40219.1
Project("{9A19103F-16F7-4668-BE54-9A1E7A4F7556}") = "Ejercicio1ServidorTalleres", "Ejercicio1ServidorTalleres.csproj", "{ECEDF62D-6E9D-4B17-A3BE-6E5FA96C5318}"
EndProject
Project("{FAE04EC0-301F-11D3-BF4B-00C04F79EFBC}") = "Ejercicio1ClienteTalleres", "..\Ejercicio1ClienteTalleres\Ejercicio1ClienteTalleres.csproj", "{89AA646E-81EB-45BD-9C43-055847F23553}"
EndProject
Global
	GlobalSection(SolutionConfigurationPlatforms) = preSolution
		Debug|Any CPU = Debug|Any CPU
		Release|Any CPU = Release|Any CPU
	EndGlobalSection
	GlobalSection(ProjectConfigurationPlatforms) = postSolution
		{ECEDF62D-6E9D-4B17-A3BE-6E5FA96C5318}.Debug|Any CPU.ActiveCfg = Debug|Any CPU
		{ECEDF62D-6E9D-4B17-A3BE-6E5FA96C5318}.Debug|Any CPU.Build.0 = Debug|Any CPU
		{ECEDF62D-6E9D-4B17-A3BE-6E5FA96C5318}.Release|Any CPU.ActiveCfg = Release|Any CPU
		{ECEDF62D-6E9D-4B17-A3BE-6E5FA96C5318}.Release|Any CPU.Build.0 = Release|Any CPU
		{89AA646E-81EB-45BD-9C43-055847F23553}.Debug|Any CPU.ActiveCfg = Debug|Any CPU
		{89AA646E-81EB-45BD-9C43-055847F23553}.Debug|Any CPU.Build.0 = Debug|Any CPU
		{89AA646E-81EB-45BD-9C43-055847F23553}.Release|Any CPU.ActiveCfg = Release|Any CPU
		{89AA646E-81EB-45BD-9C43-055847F23553}.Release|Any CPU.Build.0 = Release|Any CPU
	EndGlobalSection
	GlobalSection(SolutionProperties) = preSolution
		HideSolutionNode = FALSE
	EndGlobalSection
	GlobalSection(ExtensibilityGlobals) = postSolution
		SolutionGuid = {5E718CDD-1D29-4601-B7DC-3B734076C02E}
	EndGlobalSection
EndGlobal
